
Microsoft Visual Studio Solution File, Format Version 12.00
Project("{2150E333-8FDC-42A3-9474-1A3956D46DE8}") = "src", "src", "{827E0CD3-B72D-47B6-A68D-7590B98EB39B}"
EndProject
Project("{FAE04EC0-301F-11D3-BF4B-00C04F79EFBC}") = "Panda3D.Framework.Abstractions", "src\Panda3D.Framework.Abstractions\Panda3D.Framework.Abstractions.csproj", "{0B6E1B4B-333E-4058-BB71-25641963D6A0}"
EndProject
Project("{FAE04EC0-301F-11D3-BF4B-00C04F79EFBC}") = "Panda3D.Framework.Events", "src\Panda3D.Framework.Events\Panda3D.Framework.Events.csproj", "{8C5DDB05-3F33-4CE3-965D-FD8327A19B14}"
EndProject
Project("{FAE04EC0-301F-11D3-BF4B-00C04F79EFBC}") = "Panda3D.Framework.Scheduling", "src\Panda3D.Framework.Scheduling\Panda3D.Framework.Scheduling.csproj", "{3662F775-C22C-42DE-ABD3-1E7D5B4F679D}"
EndProject
Project("{FAE04EC0-301F-11D3-BF4B-00C04F79EFBC}") = "Panda3D.Framework.Hosting", "src\Panda3D.Framework.Hosting\Panda3D.Framework.Hosting.csproj", "{78D7C4DC-F66A-4E2E-86B0-1F101B81C4A1}"
EndProject
Project("{2150E333-8FDC-42A3-9474-1A3956D46DE8}") = "tests", "tests", "{0AB3BF05-4346-4AA6-1389-037BE0695223}"
EndProject
Project("{FAE04EC0-301F-11D3-BF4B-00C04F79EFBC}") = "Panda3D.Framework.Core.Tests", "tests\Panda3D.Framework.Core.Tests\Panda3D.Framework.Core.Tests.csproj", "{701E6041-B45B-4E14-9E42-08D2FB3ACD7E}"
EndProject
Project("{FAE04EC0-301F-11D3-BF4B-00C04F79EFBC}") = "Panda3D.Framework.Intervals", "src\Panda3D.Framework.Intervals\Panda3D.Framework.Intervals.csproj", "{1F76E097-2662-47A2-9AE0-F2FF7D3AE7F6}"
EndProject
Project("{FAE04EC0-301F-11D3-BF4B-00C04F79EFBC}") = "Panda3D.Framework.Intervals.Tests", "tests\Panda3D.Framework.Intervals.Tests\Panda3D.Framework.Intervals.Tests.csproj", "{801B26BD-CB95-4A0E-B079-8900BD5C505B}"
EndProject
Project("{FAE04EC0-301F-11D3-BF4B-00C04F79EFBC}") = "Panda3D.Framework.Physics", "src\Panda3D.Framework.Physics\Panda3D.Framework.Physics.csproj", "{81922F23-BCAB-4CA3-A76F-F38910D1457B}"
EndProject
Project("{FAE04EC0-301F-11D3-BF4B-00C04F79EFBC}") = "Panda3D.Framework.Physics.Tests", "tests\Panda3D.Framework.Physics.Tests\Panda3D.Framework.Physics.Tests.csproj", "{4EF5D2FF-2F14-42C3-9266-02FC8654213E}"
EndProject
Project("{FAE04EC0-301F-11D3-BF4B-00C04F79EFBC}") = "Panda3D.Framework.Rendering", "src\Panda3D.Framework.Rendering\Panda3D.Framework.Rendering.csproj", "{E8056411-8640-4A9C-BB6F-A32479E88E75}"
EndProject
Project("{FAE04EC0-301F-11D3-BF4B-00C04F79EFBC}") = "Panda3D.Framework.Rendering.Tests", "tests\Panda3D.Framework.Rendering.Tests\Panda3D.Framework.Rendering.Tests.csproj", "{00C207F7-0E47-45B2-A188-4D4DBC833216}"
EndProject
Project("{FAE04EC0-301F-11D3-BF4B-00C04F79EFBC}") = "Panda3D.Framework.Input", "src\Panda3D.Framework.Input\Panda3D.Framework.Input.csproj", "{7200231A-1EAE-4F19-8103-9C139CC71B6F}"
EndProject
Project("{FAE04EC0-301F-11D3-BF4B-00C04F79EFBC}") = "Panda3D.Framework.Input.Tests", "tests\Panda3D.Framework.Input.Tests\Panda3D.Framework.Input.Tests.csproj", "{DCD5A073-26F9-43C7-9637-ECE9E9209168}"
EndProject
Project("{FAE04EC0-301F-11D3-BF4B-00C04F79EFBC}") = "Panda3D.Framework.Audio", "src\Panda3D.Framework.Audio\Panda3D.Framework.Audio.csproj", "{6087E56D-FF59-47E1-8C70-8890A282F815}"
EndProject
Project("{FAE04EC0-301F-11D3-BF4B-00C04F79EFBC}") = "Panda3D.Framework.Audio.Tests", "tests\Panda3D.Framework.Audio.Tests\Panda3D.Framework.Audio.Tests.csproj", "{65122985-787A-421C-B37E-1F96B9FFDF81}"
EndProject
Project("{FAE04EC0-301F-11D3-BF4B-00C04F79EFBC}") = "Panda3D.Framework.Actors", "src\Panda3D.Framework.Actors\Panda3D.Framework.Actors.csproj", "{C3AEF992-1313-4A85-AD40-0C1A64D44A1D}"
EndProject
Project("{FAE04EC0-301F-11D3-BF4B-00C04F79EFBC}") = "Panda3D.Framework.Actors.Tests", "tests\Panda3D.Framework.Actors.Tests\Panda3D.Framework.Actors.Tests.csproj", "{7A57E1E7-2B1A-49BA-BA57-1D022A499A9D}"
EndProject
Project("{FAE04EC0-301F-11D3-BF4B-00C04F79EFBC}") = "Panda3D.Framework.Gui", "src\Panda3D.Framework.Gui\Panda3D.Framework.Gui.csproj", "{7DCD3A94-A74E-47C0-80DD-91C8211A7FD5}"
EndProject
Project("{FAE04EC0-301F-11D3-BF4B-00C04F79EFBC}") = "Panda3D.Framework.Gui.Tests", "tests\Panda3D.Framework.Gui.Tests\Panda3D.Framework.Gui.Tests.csproj", "{7D95FB03-EE36-444A-BF13-52B78608B81E}"
EndProject
Project("{2150E333-8FDC-42A3-9474-1A3956D46DE8}") = "samples", "samples", "{5D20AA90-6969-D8BD-9DCD-8634F4692FDA}"
EndProject
Project("{FAE04EC0-301F-11D3-BF4B-00C04F79EFBC}") = "RoamingRalph", "samples\RoamingRalph\RoamingRalph.csproj", "{B499BEF8-E501-483F-9FF4-94BE44AD1139}"
EndProject
Project("{FAE04EC0-301F-11D3-BF4B-00C04F79EFBC}") = "Panda3D.Framework.Particles", "src\Panda3D.Framework.Particles\Panda3D.Framework.Particles.csproj", "{5236CB5E-DD8F-4605-A2CD-46B4D8BB25A3}"
EndProject
Project("{FAE04EC0-301F-11D3-BF4B-00C04F79EFBC}") = "Panda3D.Framework.Particles.Tests", "tests\Panda3D.Framework.Particles.Tests\Panda3D.Framework.Particles.Tests.csproj", "{797203E6-9DB2-40AC-8A39-DBD53E6E270E}"
EndProject
Project("{FAE04EC0-301F-11D3-BF4B-00C04F79EFBC}") = "RoamingRalphMultiplayer", "samples\RoamingRalphMultiplayer\RoamingRalphMultiplayer.csproj", "{574E16E1-1697-464D-89A2-1C565917ED3D}"
EndProject
Project("{FAE04EC0-301F-11D3-BF4B-00C04F79EFBC}") = "Panda3D.Framework.Build", "src\Panda3D.Framework.Build\Panda3D.Framework.Build.csproj", "{C5F44D44-4DC5-4B32-B4E9-3010BC816FF2}"
EndProject
Project("{FAE04EC0-301F-11D3-BF4B-00C04F79EFBC}") = "Panda3D.Framework", "src\Panda3D.Framework\Panda3D.Framework.csproj", "{6A8E24C0-CAA0-4F94-974A-BBFAAC6A05BF}"
EndProject
Project("{FAE04EC0-301F-11D3-BF4B-00C04F79EFBC}") = "SpinningCard", "samples\SpinningCard\SpinningCard.csproj", "{E42D6E33-BB3C-4C86-98AB-C6F32E8A6133}"
EndProject
Global
	GlobalSection(SolutionConfigurationPlatforms) = preSolution
		Debug|Any CPU = Debug|Any CPU
		Debug|x64 = Debug|x64
		Debug|x86 = Debug|x86
		Release|Any CPU = Release|Any CPU
		Release|x64 = Release|x64
		Release|x86 = Release|x86
	EndGlobalSection
	GlobalSection(ProjectConfigurationPlatforms) = postSolution
		{0B6E1B4B-333E-4058-BB71-25641963D6A0}.Debug|Any CPU.ActiveCfg = Debug|Any CPU
		{0B6E1B4B-333E-4058-BB71-25641963D6A0}.Debug|Any CPU.Build.0 = Debug|Any CPU
		{0B6E1B4B-333E-4058-BB71-25641963D6A0}.Debug|x64.ActiveCfg = Debug|Any CPU
		{0B6E1B4B-333E-4058-BB71-25641963D6A0}.Debug|x64.Build.0 = Debug|Any CPU
		{0B6E1B4B-333E-4058-BB71-25641963D6A0}.Debug|x86.ActiveCfg = Debug|Any CPU
		{0B6E1B4B-333E-4058-BB71-25641963D6A0}.Debug|x86.Build.0 = Debug|Any CPU
		{0B6E1B4B-333E-4058-BB71-25641963D6A0}.Release|Any CPU.ActiveCfg = Release|Any CPU
		{0B6E1B4B-333E-4058-BB71-25641963D6A0}.Release|Any CPU.Build.0 = Release|Any CPU
		{0B6E1B4B-333E-4058-BB71-25641963D6A0}.Release|x64.ActiveCfg = Release|Any CPU
		{0B6E1B4B-333E-4058-BB71-25641963D6A0}.Release|x64.Build.0 = Release|Any CPU
		{0B6E1B4B-333E-4058-BB71-25641963D6A0}.Release|x86.ActiveCfg = Release|Any CPU
		{0B6E1B4B-333E-4058-BB71-25641963D6A0}.Release|x86.Build.0 = Release|Any CPU
		{8C5DDB05-3F33-4CE3-965D-FD8327A19B14}.Debug|Any CPU.ActiveCfg = Debug|Any CPU
		{8C5DDB05-3F33-4CE3-965D-FD8327A19B14}.Debug|Any CPU.Build.0 = Debug|Any CPU
		{8C5DDB05-3F33-4CE3-965D-FD8327A19B14}.Debug|x64.ActiveCfg = Debug|Any CPU
		{8C5DDB05-3F33-4CE3-965D-FD8327A19B14}.Debug|x64.Build.0 = Debug|Any CPU
		{8C5DDB05-3F33-4CE3-965D-FD8327A19B14}.Debug|x86.ActiveCfg = Debug|Any CPU
		{8C5DDB05-3F33-4CE3-965D-FD8327A19B14}.Debug|x86.Build.0 = Debug|Any CPU
		{8C5DDB05-3F33-4CE3-965D-FD8327A19B14}.Release|Any CPU.ActiveCfg = Release|Any CPU
		{8C5DDB05-3F33-4CE3-965D-FD8327A19B14}.Release|Any CPU.Build.0 = Release|Any CPU
		{8C5DDB05-3F33-4CE3-965D-FD8327A19B14}.Release|x64.ActiveCfg = Release|Any CPU
		{8C5DDB05-3F33-4CE3-965D-FD8327A19B14}.Release|x64.Build.0 = Release|Any CPU
		{8C5DDB05-3F33-4CE3-965D-FD8327A19B14}.Release|x86.ActiveCfg = Release|Any CPU
		{8C5DDB05-3F33-4CE3-965D-FD8327A19B14}.Release|x86.Build.0 = Release|Any CPU
		{3662F775-C22C-42DE-ABD3-1E7D5B4F679D}.Debug|Any CPU.ActiveCfg = Debug|Any CPU
		{3662F775-C22C-42DE-ABD3-1E7D5B4F679D}.Debug|Any CPU.Build.0 = Debug|Any CPU
		{3662F775-C22C-42DE-ABD3-1E7D5B4F679D}.Debug|x64.ActiveCfg = Debug|Any CPU
		{3662F775-C22C-42DE-ABD3-1E7D5B4F679D}.Debug|x64.Build.0 = Debug|Any CPU
		{3662F775-C22C-42DE-ABD3-1E7D5B4F679D}.Debug|x86.ActiveCfg = Debug|Any CPU
		{3662F775-C22C-42DE-ABD3-1E7D5B4F679D}.Debug|x86.Build.0 = Debug|Any CPU
		{3662F775-C22C-42DE-ABD3-1E7D5B4F679D}.Release|Any CPU.ActiveCfg = Release|Any CPU
		{3662F775-C22C-42DE-ABD3-1E7D5B4F679D}.Release|Any CPU.Build.0 = Release|Any CPU
		{3662F775-C22C-42DE-ABD3-1E7D5B4F679D}.Release|x64.ActiveCfg = Release|Any CPU
		{3662F775-C22C-42DE-ABD3-1E7D5B4F679D}.Release|x64.Build.0 = Release|Any CPU
		{3662F775-C22C-42DE-ABD3-1E7D5B4F679D}.Release|x86.ActiveCfg = Release|Any CPU
		{3662F775-C22C-42DE-ABD3-1E7D5B4F679D}.Release|x86.Build.0 = Release|Any CPU
		{78D7C4DC-F66A-4E2E-86B0-1F101B81C4A1}.Debug|Any CPU.ActiveCfg = Debug|Any CPU
		{78D7C4DC-F66A-4E2E-86B0-1F101B81C4A1}.Debug|Any CPU.Build.0 = Debug|Any CPU
		{78D7C4DC-F66A-4E2E-86B0-1F101B81C4A1}.Debug|x64.ActiveCfg = Debug|Any CPU
		{78D7C4DC-F66A-4E2E-86B0-1F101B81C4A1}.Debug|x64.Build.0 = Debug|Any CPU
		{78D7C4DC-F66A-4E2E-86B0-1F101B81C4A1}.Debug|x86.ActiveCfg = Debug|Any CPU
		{78D7C4DC-F66A-4E2E-86B0-1F101B81C4A1}.Debug|x86.Build.0 = Debug|Any CPU
		{78D7C4DC-F66A-4E2E-86B0-1F101B81C4A1}.Release|Any CPU.ActiveCfg = Release|Any CPU
		{78D7C4DC-F66A-4E2E-86B0-1F101B81C4A1}.Release|Any CPU.Build.0 = Release|Any CPU
		{78D7C4DC-F66A-4E2E-86B0-1F101B81C4A1}.Release|x64.ActiveCfg = Release|Any CPU
		{78D7C4DC-F66A-4E2E-86B0-1F101B81C4A1}.Release|x64.Build.0 = Release|Any CPU
		{78D7C4DC-F66A-4E2E-86B0-1F101B81C4A1}.Release|x86.ActiveCfg = Release|Any CPU
		{78D7C4DC-F66A-4E2E-86B0-1F101B81C4A1}.Release|x86.Build.0 = Release|Any CPU
		{701E6041-B45B-4E14-9E42-08D2FB3ACD7E}.Debug|Any CPU.ActiveCfg = Debug|Any CPU
		{701E6041-B45B-4E14-9E42-08D2FB3ACD7E}.Debug|Any CPU.Build.0 = Debug|Any CPU
		{701E6041-B45B-4E14-9E42-08D2FB3ACD7E}.Debug|x64.ActiveCfg = Debug|Any CPU
		{701E6041-B45B-4E14-9E42-08D2FB3ACD7E}.Debug|x64.Build.0 = Debug|Any CPU
		{701E6041-B45B-4E14-9E42-08D2FB3ACD7E}.Debug|x86.ActiveCfg = Debug|Any CPU
		{701E6041-B45B-4E14-9E42-08D2FB3ACD7E}.Debug|x86.Build.0 = Debug|Any CPU
		{701E6041-B45B-4E14-9E42-08D2FB3ACD7E}.Release|Any CPU.ActiveCfg = Release|Any CPU
		{701E6041-B45B-4E14-9E42-08D2FB3ACD7E}.Release|Any CPU.Build.0 = Release|Any CPU
		{701E6041-B45B-4E14-9E42-08D2FB3ACD7E}.Release|x64.ActiveCfg = Release|Any CPU
		{701E6041-B45B-4E14-9E42-08D2FB3ACD7E}.Release|x64.Build.0 = Release|Any CPU
		{701E6041-B45B-4E14-9E42-08D2FB3ACD7E}.Release|x86.ActiveCfg = Release|Any CPU
		{701E6041-B45B-4E14-9E42-08D2FB3ACD7E}.Release|x86.Build.0 = Release|Any CPU
		{1F76E097-2662-47A2-9AE0-F2FF7D3AE7F6}.Debug|Any CPU.ActiveCfg = Debug|Any CPU
		{1F76E097-2662-47A2-9AE0-F2FF7D3AE7F6}.Debug|Any CPU.Build.0 = Debug|Any CPU
		{1F76E097-2662-47A2-9AE0-F2FF7D3AE7F6}.Debug|x64.ActiveCfg = Debug|Any CPU
		{1F76E097-2662-47A2-9AE0-F2FF7D3AE7F6}.Debug|x64.Build.0 = Debug|Any CPU
		{1F76E097-2662-47A2-9AE0-F2FF7D3AE7F6}.Debug|x86.ActiveCfg = Debug|Any CPU
		{1F76E097-2662-47A2-9AE0-F2FF7D3AE7F6}.Debug|x86.Build.0 = Debug|Any CPU
		{1F76E097-2662-47A2-9AE0-F2FF7D3AE7F6}.Release|Any CPU.ActiveCfg = Release|Any CPU
		{1F76E097-2662-47A2-9AE0-F2FF7D3AE7F6}.Release|Any CPU.Build.0 = Release|Any CPU
		{1F76E097-2662-47A2-9AE0-F2FF7D3AE7F6}.Release|x64.ActiveCfg = Release|Any CPU
		{1F76E097-2662-47A2-9AE0-F2FF7D3AE7F6}.Release|x64.Build.0 = Release|Any CPU
		{1F76E097-2662-47A2-9AE0-F2FF7D3AE7F6}.Release|x86.ActiveCfg = Release|Any CPU
		{1F76E097-2662-47A2-9AE0-F2FF7D3AE7F6}.Release|x86.Build.0 = Release|Any CPU
		{801B26BD-CB95-4A0E-B079-8900BD5C505B}.Debug|Any CPU.ActiveCfg = Debug|Any CPU
		{801B26BD-CB95-4A0E-B079-8900BD5C505B}.Debug|Any CPU.Build.0 = Debug|Any CPU
		{801B26BD-CB95-4A0E-B079-8900BD5C505B}.Debug|x64.ActiveCfg = Debug|Any CPU
		{801B26BD-CB95-4A0E-B079-8900BD5C505B}.Debug|x64.Build.0 = Debug|Any CPU
		{801B26BD-CB95-4A0E-B079-8900BD5C505B}.Debug|x86.ActiveCfg = Debug|Any CPU
		{801B26BD-CB95-4A0E-B079-8900BD5C505B}.Debug|x86.Build.0 = Debug|Any CPU
		{801B26BD-CB95-4A0E-B079-8900BD5C505B}.Release|Any CPU.ActiveCfg = Release|Any CPU
		{801B26BD-CB95-4A0E-B079-8900BD5C505B}.Release|Any CPU.Build.0 = Release|Any CPU
		{801B26BD-CB95-4A0E-B079-8900BD5C505B}.Release|x64.ActiveCfg = Release|Any CPU
		{801B26BD-CB95-4A0E-B079-8900BD5C505B}.Release|x64.Build.0 = Release|Any CPU
		{801B26BD-CB95-4A0E-B079-8900BD5C505B}.Release|x86.ActiveCfg = Release|Any CPU
		{801B26BD-CB95-4A0E-B079-8900BD5C505B}.Release|x86.Build.0 = Release|Any CPU
		{81922F23-BCAB-4CA3-A76F-F38910D1457B}.Debug|Any CPU.ActiveCfg = Debug|Any CPU
		{81922F23-BCAB-4CA3-A76F-F38910D1457B}.Debug|Any CPU.Build.0 = Debug|Any CPU
		{81922F23-BCAB-4CA3-A76F-F38910D1457B}.Debug|x64.ActiveCfg = Debug|Any CPU
		{81922F23-BCAB-4CA3-A76F-F38910D1457B}.Debug|x64.Build.0 = Debug|Any CPU
		{81922F23-BCAB-4CA3-A76F-F38910D1457B}.Debug|x86.ActiveCfg = Debug|Any CPU
		{81922F23-BCAB-4CA3-A76F-F38910D1457B}.Debug|x86.Build.0 = Debug|Any CPU
		{81922F23-BCAB-4CA3-A76F-F38910D1457B}.Release|Any CPU.ActiveCfg = Release|Any CPU
		{81922F23-BCAB-4CA3-A76F-F38910D1457B}.Release|Any CPU.Build.0 = Release|Any CPU
		{81922F23-BCAB-4CA3-A76F-F38910D1457B}.Release|x64.ActiveCfg = Release|Any CPU
		{81922F23-BCAB-4CA3-A76F-F38910D1457B}.Release|x64.Build.0 = Release|Any CPU
		{81922F23-BCAB-4CA3-A76F-F38910D1457B}.Release|x86.ActiveCfg = Release|Any CPU
		{81922F23-BCAB-4CA3-A76F-F38910D1457B}.Release|x86.Build.0 = Release|Any CPU
		{4EF5D2FF-2F14-42C3-9266-02FC8654213E}.Debug|Any CPU.ActiveCfg = Debug|Any CPU
		{4EF5D2FF-2F14-42C3-9266-02FC8654213E}.Debug|Any CPU.Build.0 = Debug|Any CPU
		{4EF5D2FF-2F14-42C3-9266-02FC8654213E}.Debug|x64.ActiveCfg = Debug|Any CPU
		{4EF5D2FF-2F14-42C3-9266-02FC8654213E}.Debug|x64.Build.0 = Debug|Any CPU
		{4EF5D2FF-2F14-42C3-9266-02FC8654213E}.Debug|x86.ActiveCfg = Debug|Any CPU
		{4EF5D2FF-2F14-42C3-9266-02FC8654213E}.Debug|x86.Build.0 = Debug|Any CPU
		{4EF5D2FF-2F14-42C3-9266-02FC8654213E}.Release|Any CPU.ActiveCfg = Release|Any CPU
		{4EF5D2FF-2F14-42C3-9266-02FC8654213E}.Release|Any CPU.Build.0 = Release|Any CPU
		{4EF5D2FF-2F14-42C3-9266-02FC8654213E}.Release|x64.ActiveCfg = Release|Any CPU
		{4EF5D2FF-2F14-42C3-9266-02FC8654213E}.Release|x64.Build.0 = Release|Any CPU
		{4EF5D2FF-2F14-42C3-9266-02FC8654213E}.Release|x86.ActiveCfg = Release|Any CPU
		{4EF5D2FF-2F14-42C3-9266-02FC8654213E}.Release|x86.Build.0 = Release|Any CPU
		{E8056411-8640-4A9C-BB6F-A32479E88E75}.Debug|Any CPU.ActiveCfg = Debug|Any CPU
		{E8056411-8640-4A9C-BB6F-A32479E88E75}.Debug|Any CPU.Build.0 = Debug|Any CPU
		{E8056411-8640-4A9C-BB6F-A32479E88E75}.Debug|x64.ActiveCfg = Debug|Any CPU
		{E8056411-8640-4A9C-BB6F-A32479E88E75}.Debug|x64.Build.0 = Debug|Any CPU
		{E8056411-8640-4A9C-BB6F-A32479E88E75}.Debug|x86.ActiveCfg = Debug|Any CPU
		{E8056411-8640-4A9C-BB6F-A32479E88E75}.Debug|x86.Build.0 = Debug|Any CPU
		{E8056411-8640-4A9C-BB6F-A32479E88E75}.Release|Any CPU.ActiveCfg = Release|Any CPU
		{E8056411-8640-4A9C-BB6F-A32479E88E75}.Release|Any CPU.Build.0 = Release|Any CPU
		{E8056411-8640-4A9C-BB6F-A32479E88E75}.Release|x64.ActiveCfg = Release|Any CPU
		{E8056411-8640-4A9C-BB6F-A32479E88E75}.Release|x64.Build.0 = Release|Any CPU
		{E8056411-8640-4A9C-BB6F-A32479E88E75}.Release|x86.ActiveCfg = Release|Any CPU
		{E8056411-8640-4A9C-BB6F-A32479E88E75}.Release|x86.Build.0 = Release|Any CPU
		{00C207F7-0E47-45B2-A188-4D4DBC833216}.Debug|Any CPU.ActiveCfg = Debug|Any CPU
		{00C207F7-0E47-45B2-A188-4D4DBC833216}.Debug|Any CPU.Build.0 = Debug|Any CPU
		{00C207F7-0E47-45B2-A188-4D4DBC833216}.Debug|x64.ActiveCfg = Debug|Any CPU
		{00C207F7-0E47-45B2-A188-4D4DBC833216}.Debug|x64.Build.0 = Debug|Any CPU
		{00C207F7-0E47-45B2-A188-4D4DBC833216}.Debug|x86.ActiveCfg = Debug|Any CPU
		{00C207F7-0E47-45B2-A188-4D4DBC833216}.Debug|x86.Build.0 = Debug|Any CPU
		{00C207F7-0E47-45B2-A188-4D4DBC833216}.Release|Any CPU.ActiveCfg = Release|Any CPU
		{00C207F7-0E47-45B2-A188-4D4DBC833216}.Release|Any CPU.Build.0 = Release|Any CPU
		{00C207F7-0E47-45B2-A188-4D4DBC833216}.Release|x64.ActiveCfg = Release|Any CPU
		{00C207F7-0E47-45B2-A188-4D4DBC833216}.Release|x64.Build.0 = Release|Any CPU
		{00C207F7-0E47-45B2-A188-4D4DBC833216}.Release|x86.ActiveCfg = Release|Any CPU
		{00C207F7-0E47-45B2-A188-4D4DBC833216}.Release|x86.Build.0 = Release|Any CPU
		{7200231A-1EAE-4F19-8103-9C139CC71B6F}.Debug|Any CPU.ActiveCfg = Debug|Any CPU
		{7200231A-1EAE-4F19-8103-9C139CC71B6F}.Debug|Any CPU.Build.0 = Debug|Any CPU
		{7200231A-1EAE-4F19-8103-9C139CC71B6F}.Debug|x64.ActiveCfg = Debug|Any CPU
		{7200231A-1EAE-4F19-8103-9C139CC71B6F}.Debug|x64.Build.0 = Debug|Any CPU
		{7200231A-1EAE-4F19-8103-9C139CC71B6F}.Debug|x86.ActiveCfg = Debug|Any CPU
		{7200231A-1EAE-4F19-8103-9C139CC71B6F}.Debug|x86.Build.0 = Debug|Any CPU
		{7200231A-1EAE-4F19-8103-9C139CC71B6F}.Release|Any CPU.ActiveCfg = Release|Any CPU
		{7200231A-1EAE-4F19-8103-9C139CC71B6F}.Release|Any CPU.Build.0 = Release|Any CPU
		{7200231A-1EAE-4F19-8103-9C139CC71B6F}.Release|x64.ActiveCfg = Release|Any CPU
		{7200231A-1EAE-4F19-8103-9C139CC71B6F}.Release|x64.Build.0 = Release|Any CPU
		{7200231A-1EAE-4F19-8103-9C139CC71B6F}.Release|x86.ActiveCfg = Release|Any CPU
		{7200231A-1EAE-4F19-8103-9C139CC71B6F}.Release|x86.Build.0 = Release|Any CPU
		{DCD5A073-26F9-43C7-9637-ECE9E9209168}.Debug|Any CPU.ActiveCfg = Debug|Any CPU
		{DCD5A073-26F9-43C7-9637-ECE9E9209168}.Debug|Any CPU.Build.0 = Debug|Any CPU
		{DCD5A073-26F9-43C7-9637-ECE9E9209168}.Debug|x64.ActiveCfg = Debug|Any CPU
		{DCD5A073-26F9-43C7-9637-ECE9E9209168}.Debug|x64.Build.0 = Debug|Any CPU
		{DCD5A073-26F9-43C7-9637-ECE9E9209168}.Debug|x86.ActiveCfg = Debug|Any CPU
		{DCD5A073-26F9-43C7-9637-ECE9E9209168}.Debug|x86.Build.0 = Debug|Any CPU
		{DCD5A073-26F9-43C7-9637-ECE9E9209168}.Release|Any CPU.ActiveCfg = Release|Any CPU
		{DCD5A073-26F9-43C7-9637-ECE9E9209168}.Release|Any CPU.Build.0 = Release|Any CPU
		{DCD5A073-26F9-43C7-9637-ECE9E9209168}.Release|x64.ActiveCfg = Release|Any CPU
		{DCD5A073-26F9-43C7-9637-ECE9E9209168}.Release|x64.Build.0 = Release|Any CPU
		{DCD5A073-26F9-43C7-9637-ECE9E9209168}.Release|x86.ActiveCfg = Release|Any CPU
		{DCD5A073-26F9-43C7-9637-ECE9E9209168}.Release|x86.Build.0 = Release|Any CPU
		{6087E56D-FF59-47E1-8C70-8890A282F815}.Debug|Any CPU.ActiveCfg = Debug|Any CPU
		{6087E56D-FF59-47E1-8C70-8890A282F815}.Debug|Any CPU.Build.0 = Debug|Any CPU
		{6087E56D-FF59-47E1-8C70-8890A282F815}.Debug|x64.ActiveCfg = Debug|Any CPU
		{6087E56D-FF59-47E1-8C70-8890A282F815}.Debug|x64.Build.0 = Debug|Any CPU
		{6087E56D-FF59-47E1-8C70-8890A282F815}.Debug|x86.ActiveCfg = Debug|Any CPU
		{6087E56D-FF59-47E1-8C70-8890A282F815}.Debug|x86.Build.0 = Debug|Any CPU
		{6087E56D-FF59-47E1-8C70-8890A282F815}.Release|Any CPU.ActiveCfg = Release|Any CPU
		{6087E56D-FF59-47E1-8C70-8890A282F815}.Release|Any CPU.Build.0 = Release|Any CPU
		{6087E56D-FF59-47E1-8C70-8890A282F815}.Release|x64.ActiveCfg = Release|Any CPU
		{6087E56D-FF59-47E1-8C70-8890A282F815}.Release|x64.Build.0 = Release|Any CPU
		{6087E56D-FF59-47E1-8C70-8890A282F815}.Release|x86.ActiveCfg = Release|Any CPU
		{6087E56D-FF59-47E1-8C70-8890A282F815}.Release|x86.Build.0 = Release|Any CPU
		{65122985-787A-421C-B37E-1F96B9FFDF81}.Debug|Any CPU.ActiveCfg = Debug|Any CPU
		{65122985-787A-421C-B37E-1F96B9FFDF81}.Debug|Any CPU.Build.0 = Debug|Any CPU
		{65122985-787A-421C-B37E-1F96B9FFDF81}.Debug|x64.ActiveCfg = Debug|Any CPU
		{65122985-787A-421C-B37E-1F96B9FFDF81}.Debug|x64.Build.0 = Debug|Any CPU
		{65122985-787A-421C-B37E-1F96B9FFDF81}.Debug|x86.ActiveCfg = Debug|Any CPU
		{65122985-787A-421C-B37E-1F96B9FFDF81}.Debug|x86.Build.0 = Debug|Any CPU
		{65122985-787A-421C-B37E-1F96B9FFDF81}.Release|Any CPU.ActiveCfg = Release|Any CPU
		{65122985-787A-421C-B37E-1F96B9FFDF81}.Release|Any CPU.Build.0 = Release|Any CPU
		{65122985-787A-421C-B37E-1F96B9FFDF81}.Release|x64.ActiveCfg = Release|Any CPU
		{65122985-787A-421C-B37E-1F96B9FFDF81}.Release|x64.Build.0 = Release|Any CPU
		{65122985-787A-421C-B37E-1F96B9FFDF81}.Release|x86.ActiveCfg = Release|Any CPU
		{65122985-787A-421C-B37E-1F96B9FFDF81}.Release|x86.Build.0 = Release|Any CPU
		{C3AEF992-1313-4A85-AD40-0C1A64D44A1D}.Debug|Any CPU.ActiveCfg = Debug|Any CPU
		{C3AEF992-1313-4A85-AD40-0C1A64D44A1D}.Debug|Any CPU.Build.0 = Debug|Any CPU
		{C3AEF992-1313-4A85-AD40-0C1A64D44A1D}.Debug|x64.ActiveCfg = Debug|Any CPU
		{C3AEF992-1313-4A85-AD40-0C1A64D44A1D}.Debug|x64.Build.0 = Debug|Any CPU
		{C3AEF992-1313-4A85-AD40-0C1A64D44A1D}.Debug|x86.ActiveCfg = Debug|Any CPU
		{C3AEF992-1313-4A85-AD40-0C1A64D44A1D}.Debug|x86.Build.0 = Debug|Any CPU
		{C3AEF992-1313-4A85-AD40-0C1A64D44A1D}.Release|Any CPU.ActiveCfg = Release|Any CPU
		{C3AEF992-1313-4A85-AD40-0C1A64D44A1D}.Release|Any CPU.Build.0 = Release|Any CPU
		{C3AEF992-1313-4A85-AD40-0C1A64D44A1D}.Release|x64.ActiveCfg = Release|Any CPU
		{C3AEF992-1313-4A85-AD40-0C1A64D44A1D}.Release|x64.Build.0 = Release|Any CPU
		{C3AEF992-1313-4A85-AD40-0C1A64D44A1D}.Release|x86.ActiveCfg = Release|Any CPU
		{C3AEF992-1313-4A85-AD40-0C1A64D44A1D}.Release|x86.Build.0 = Release|Any CPU
		{7A57E1E7-2B1A-49BA-BA57-1D022A499A9D}.Debug|Any CPU.ActiveCfg = Debug|Any CPU
		{7A57E1E7-2B1A-49BA-BA57-1D022A499A9D}.Debug|Any CPU.Build.0 = Debug|Any CPU
		{7A57E1E7-2B1A-49BA-BA57-1D022A499A9D}.Debug|x64.ActiveCfg = Debug|Any CPU
		{7A57E1E7-2B1A-49BA-BA57-1D022A499A9D}.Debug|x64.Build.0 = Debug|Any CPU
		{7A57E1E7-2B1A-49BA-BA57-1D022A499A9D}.Debug|x86.ActiveCfg = Debug|Any CPU
		{7A57E1E7-2B1A-49BA-BA57-1D022A499A9D}.Debug|x86.Build.0 = Debug|Any CPU
		{7A57E1E7-2B1A-49BA-BA57-1D022A499A9D}.Release|Any CPU.ActiveCfg = Release|Any CPU
		{7A57E1E7-2B1A-49BA-BA57-1D022A499A9D}.Release|Any CPU.Build.0 = Release|Any CPU
		{7A57E1E7-2B1A-49BA-BA57-1D022A499A9D}.Release|x64.ActiveCfg = Release|Any CPU
		{7A57E1E7-2B1A-49BA-BA57-1D022A499A9D}.Release|x64.Build.0 = Release|Any CPU
		{7A57E1E7-2B1A-49BA-BA57-1D022A499A9D}.Release|x86.ActiveCfg = Release|Any CPU
		{7A57E1E7-2B1A-49BA-BA57-1D022A499A9D}.Release|x86.Build.0 = Release|Any CPU
		{7DCD3A94-A74E-47C0-80DD-91C8211A7FD5}.Debug|Any CPU.ActiveCfg = Debug|Any CPU
		{7DCD3A94-A74E-47C0-80DD-91C8211A7FD5}.Debug|Any CPU.Build.0 = Debug|Any CPU
		{7DCD3A94-A74E-47C0-80DD-91C8211A7FD5}.Debug|x64.ActiveCfg = Debug|Any CPU
		{7DCD3A94-A74E-47C0-80DD-91C8211A7FD5}.Debug|x64.Build.0 = Debug|Any CPU
		{7DCD3A94-A74E-47C0-80DD-91C8211A7FD5}.Debug|x86.ActiveCfg = Debug|Any CPU
		{7DCD3A94-A74E-47C0-80DD-91C8211A7FD5}.Debug|x86.Build.0 = Debug|Any CPU
		{7DCD3A94-A74E-47C0-80DD-91C8211A7FD5}.Release|Any CPU.ActiveCfg = Release|Any CPU
		{7DCD3A94-A74E-47C0-80DD-91C8211A7FD5}.Release|Any CPU.Build.0 = Release|Any CPU
		{7DCD3A94-A74E-47C0-80DD-91C8211A7FD5}.Release|x64.ActiveCfg = Release|Any CPU
		{7DCD3A94-A74E-47C0-80DD-91C8211A7FD5}.Release|x64.Build.0 = Release|Any CPU
		{7DCD3A94-A74E-47C0-80DD-91C8211A7FD5}.Release|x86.ActiveCfg = Release|Any CPU
		{7DCD3A94-A74E-47C0-80DD-91C8211A7FD5}.Release|x86.Build.0 = Release|Any CPU
		{7D95FB03-EE36-444A-BF13-52B78608B81E}.Debug|Any CPU.ActiveCfg = Debug|Any CPU
		{7D95FB03-EE36-444A-BF13-52B78608B81E}.Debug|Any CPU.Build.0 = Debug|Any CPU
		{7D95FB03-EE36-444A-BF13-52B78608B81E}.Debug|x64.ActiveCfg = Debug|Any CPU
		{7D95FB03-EE36-444A-BF13-52B78608B81E}.Debug|x64.Build.0 = Debug|Any CPU
		{7D95FB03-EE36-444A-BF13-52B78608B81E}.Debug|x86.ActiveCfg = Debug|Any CPU
		{7D95FB03-EE36-444A-BF13-52B78608B81E}.Debug|x86.Build.0 = Debug|Any CPU
		{7D95FB03-EE36-444A-BF13-52B78608B81E}.Release|Any CPU.ActiveCfg = Release|Any CPU
		{7D95FB03-EE36-444A-BF13-52B78608B81E}.Release|Any CPU.Build.0 = Release|Any CPU
		{7D95FB03-EE36-444A-BF13-52B78608B81E}.Release|x64.ActiveCfg = Release|Any CPU
		{7D95FB03-EE36-444A-BF13-52B78608B81E}.Release|x64.Build.0 = Release|Any CPU
		{7D95FB03-EE36-444A-BF13-52B78608B81E}.Release|x86.ActiveCfg = Release|Any CPU
		{7D95FB03-EE36-444A-BF13-52B78608B81E}.Release|x86.Build.0 = Release|Any CPU
		{B499BEF8-E501-483F-9FF4-94BE44AD1139}.Debug|Any CPU.ActiveCfg = Debug|Any CPU
		{B499BEF8-E501-483F-9FF4-94BE44AD1139}.Debug|Any CPU.Build.0 = Debug|Any CPU
		{B499BEF8-E501-483F-9FF4-94BE44AD1139}.Debug|x64.ActiveCfg = Debug|Any CPU
		{B499BEF8-E501-483F-9FF4-94BE44AD1139}.Debug|x64.Build.0 = Debug|Any CPU
		{B499BEF8-E501-483F-9FF4-94BE44AD1139}.Debug|x86.ActiveCfg = Debug|Any CPU
		{B499BEF8-E501-483F-9FF4-94BE44AD1139}.Debug|x86.Build.0 = Debug|Any CPU
		{B499BEF8-E501-483F-9FF4-94BE44AD1139}.Release|Any CPU.ActiveCfg = Release|Any CPU
		{B499BEF8-E501-483F-9FF4-94BE44AD1139}.Release|Any CPU.Build.0 = Release|Any CPU
		{B499BEF8-E501-483F-9FF4-94BE44AD1139}.Release|x64.ActiveCfg = Release|Any CPU
		{B499BEF8-E501-483F-9FF4-94BE44AD1139}.Release|x64.Build.0 = Release|Any CPU
		{B499BEF8-E501-483F-9FF4-94BE44AD1139}.Release|x86.ActiveCfg = Release|Any CPU
		{B499BEF8-E501-483F-9FF4-94BE44AD1139}.Release|x86.Build.0 = Release|Any CPU
		{5236CB5E-DD8F-4605-A2CD-46B4D8BB25A3}.Debug|Any CPU.ActiveCfg = Debug|Any CPU
		{5236CB5E-DD8F-4605-A2CD-46B4D8BB25A3}.Debug|Any CPU.Build.0 = Debug|Any CPU
		{5236CB5E-DD8F-4605-A2CD-46B4D8BB25A3}.Debug|x64.ActiveCfg = Debug|Any CPU
		{5236CB5E-DD8F-4605-A2CD-46B4D8BB25A3}.Debug|x64.Build.0 = Debug|Any CPU
		{5236CB5E-DD8F-4605-A2CD-46B4D8BB25A3}.Debug|x86.ActiveCfg = Debug|Any CPU
		{5236CB5E-DD8F-4605-A2CD-46B4D8BB25A3}.Debug|x86.Build.0 = Debug|Any CPU
		{5236CB5E-DD8F-4605-A2CD-46B4D8BB25A3}.Release|Any CPU.ActiveCfg = Release|Any CPU
		{5236CB5E-DD8F-4605-A2CD-46B4D8BB25A3}.Release|Any CPU.Build.0 = Release|Any CPU
		{5236CB5E-DD8F-4605-A2CD-46B4D8BB25A3}.Release|x64.ActiveCfg = Release|Any CPU
		{5236CB5E-DD8F-4605-A2CD-46B4D8BB25A3}.Release|x64.Build.0 = Release|Any CPU
		{5236CB5E-DD8F-4605-A2CD-46B4D8BB25A3}.Release|x86.ActiveCfg = Release|Any CPU
		{5236CB5E-DD8F-4605-A2CD-46B4D8BB25A3}.Release|x86.Build.0 = Release|Any CPU
		{797203E6-9DB2-40AC-8A39-DBD53E6E270E}.Debug|Any CPU.ActiveCfg = Debug|Any CPU
		{797203E6-9DB2-40AC-8A39-DBD53E6E270E}.Debug|Any CPU.Build.0 = Debug|Any CPU
		{797203E6-9DB2-40AC-8A39-DBD53E6E270E}.Debug|x64.ActiveCfg = Debug|Any CPU
		{797203E6-9DB2-40AC-8A39-DBD53E6E270E}.Debug|x64.Build.0 = Debug|Any CPU
		{797203E6-9DB2-40AC-8A39-DBD53E6E270E}.Debug|x86.ActiveCfg = Debug|Any CPU
		{797203E6-9DB2-40AC-8A39-DBD53E6E270E}.Debug|x86.Build.0 = Debug|Any CPU
		{797203E6-9DB2-40AC-8A39-DBD53E6E270E}.Release|Any CPU.ActiveCfg = Release|Any CPU
		{797203E6-9DB2-40AC-8A39-DBD53E6E270E}.Release|Any CPU.Build.0 = Release|Any CPU
		{797203E6-9DB2-40AC-8A39-DBD53E6E270E}.Release|x64.ActiveCfg = Release|Any CPU
		{797203E6-9DB2-40AC-8A39-DBD53E6E270E}.Release|x64.Build.0 = Release|Any CPU
		{797203E6-9DB2-40AC-8A39-DBD53E6E270E}.Release|x86.ActiveCfg = Release|Any CPU
		{797203E6-9DB2-40AC-8A39-DBD53E6E270E}.Release|x86.Build.0 = Release|Any CPU
		{574E16E1-1697-464D-89A2-1C565917ED3D}.Debug|Any CPU.ActiveCfg = Debug|Any CPU
		{574E16E1-1697-464D-89A2-1C565917ED3D}.Debug|Any CPU.Build.0 = Debug|Any CPU
		{574E16E1-1697-464D-89A2-1C565917ED3D}.Debug|x64.ActiveCfg = Debug|Any CPU
		{574E16E1-1697-464D-89A2-1C565917ED3D}.Debug|x64.Build.0 = Debug|Any CPU
		{574E16E1-1697-464D-89A2-1C565917ED3D}.Debug|x86.ActiveCfg = Debug|Any CPU
		{574E16E1-1697-464D-89A2-1C565917ED3D}.Debug|x86.Build.0 = Debug|Any CPU
		{574E16E1-1697-464D-89A2-1C565917ED3D}.Release|Any CPU.ActiveCfg = Release|Any CPU
		{574E16E1-1697-464D-89A2-1C565917ED3D}.Release|Any CPU.Build.0 = Release|Any CPU
		{574E16E1-1697-464D-89A2-1C565917ED3D}.Release|x64.ActiveCfg = Release|Any CPU
		{574E16E1-1697-464D-89A2-1C565917ED3D}.Release|x64.Build.0 = Release|Any CPU
		{574E16E1-1697-464D-89A2-1C565917ED3D}.Release|x86.ActiveCfg = Release|Any CPU
		{574E16E1-1697-464D-89A2-1C565917ED3D}.Release|x86.Build.0 = Release|Any CPU
		{C5F44D44-4DC5-4B32-B4E9-3010BC816FF2}.Debug|Any CPU.ActiveCfg = Debug|Any CPU
		{C5F44D44-4DC5-4B32-B4E9-3010BC816FF2}.Debug|Any CPU.Build.0 = Debug|Any CPU
		{C5F44D44-4DC5-4B32-B4E9-3010BC816FF2}.Debug|x64.ActiveCfg = Debug|Any CPU
		{C5F44D44-4DC5-4B32-B4E9-3010BC816FF2}.Debug|x64.Build.0 = Debug|Any CPU
		{C5F44D44-4DC5-4B32-B4E9-3010BC816FF2}.Debug|x86.ActiveCfg = Debug|Any CPU
		{C5F44D44-4DC5-4B32-B4E9-3010BC816FF2}.Debug|x86.Build.0 = Debug|Any CPU
		{C5F44D44-4DC5-4B32-B4E9-3010BC816FF2}.Release|Any CPU.ActiveCfg = Release|Any CPU
		{C5F44D44-4DC5-4B32-B4E9-3010BC816FF2}.Release|Any CPU.Build.0 = Release|Any CPU
		{C5F44D44-4DC5-4B32-B4E9-3010BC816FF2}.Release|x64.ActiveCfg = Release|Any CPU
		{C5F44D44-4DC5-4B32-B4E9-3010BC816FF2}.Release|x64.Build.0 = Release|Any CPU
		{C5F44D44-4DC5-4B32-B4E9-3010BC816FF2}.Release|x86.ActiveCfg = Release|Any CPU
		{C5F44D44-4DC5-4B32-B4E9-3010BC816FF2}.Release|x86.Build.0 = Release|Any CPU
		{6A8E24C0-CAA0-4F94-974A-BBFAAC6A05BF}.Debug|Any CPU.ActiveCfg = Debug|Any CPU
		{6A8E24C0-CAA0-4F94-974A-BBFAAC6A05BF}.Debug|Any CPU.Build.0 = Debug|Any CPU
		{6A8E24C0-CAA0-4F94-974A-BBFAAC6A05BF}.Debug|x64.ActiveCfg = Debug|Any CPU
		{6A8E24C0-CAA0-4F94-974A-BBFAAC6A05BF}.Debug|x64.Build.0 = Debug|Any CPU
		{6A8E24C0-CAA0-4F94-974A-BBFAAC6A05BF}.Debug|x86.ActiveCfg = Debug|Any CPU
		{6A8E24C0-CAA0-4F94-974A-BBFAAC6A05BF}.Debug|x86.Build.0 = Debug|Any CPU
		{6A8E24C0-CAA0-4F94-974A-BBFAAC6A05BF}.Release|Any CPU.ActiveCfg = Release|Any CPU
		{6A8E24C0-CAA0-4F94-974A-BBFAAC6A05BF}.Release|Any CPU.Build.0 = Release|Any CPU
		{6A8E24C0-CAA0-4F94-974A-BBFAAC6A05BF}.Release|x64.ActiveCfg = Release|Any CPU
		{6A8E24C0-CAA0-4F94-974A-BBFAAC6A05BF}.Release|x64.Build.0 = Release|Any CPU
		{6A8E24C0-CAA0-4F94-974A-BBFAAC6A05BF}.Release|x86.ActiveCfg = Release|Any CPU
		{6A8E24C0-CAA0-4F94-974A-BBFAAC6A05BF}.Release|x86.Build.0 = Release|Any CPU
		{E42D6E33-BB3C-4C86-98AB-C6F32E8A6133}.Debug|Any CPU.ActiveCfg = Debug|Any CPU
		{E42D6E33-BB3C-4C86-98AB-C6F32E8A6133}.Debug|Any CPU.Build.0 = Debug|Any CPU
		{E42D6E33-BB3C-4C86-98AB-C6F32E8A6133}.Debug|x64.ActiveCfg = Debug|Any CPU
		{E42D6E33-BB3C-4C86-98AB-C6F32E8A6133}.Debug|x64.Build.0 = Debug|Any CPU
		{E42D6E33-BB3C-4C86-98AB-C6F32E8A6133}.Debug|x86.ActiveCfg = Debug|Any CPU
		{E42D6E33-BB3C-4C86-98AB-C6F32E8A6133}.Debug|x86.Build.0 = Debug|Any CPU
		{E42D6E33-BB3C-4C86-98AB-C6F32E8A6133}.Release|Any CPU.ActiveCfg = Release|Any CPU
		{E42D6E33-BB3C-4C86-98AB-C6F32E8A6133}.Release|Any CPU.Build.0 = Release|Any CPU
		{E42D6E33-BB3C-4C86-98AB-C6F32E8A6133}.Release|x64.ActiveCfg = Release|Any CPU
		{E42D6E33-BB3C-4C86-98AB-C6F32E8A6133}.Release|x64.Build.0 = Release|Any CPU
		{E42D6E33-BB3C-4C86-98AB-C6F32E8A6133}.Release|x86.ActiveCfg = Release|Any CPU
		{E42D6E33-BB3C-4C86-98AB-C6F32E8A6133}.Release|x86.Build.0 = Release|Any CPU
	EndGlobalSection
	GlobalSection(SolutionProperties) = preSolution
		HideSolutionNode = FALSE
	EndGlobalSection
	GlobalSection(NestedProjects) = preSolution
		{0B6E1B4B-333E-4058-BB71-25641963D6A0} = {827E0CD3-B72D-47B6-A68D-7590B98EB39B}
		{8C5DDB05-3F33-4CE3-965D-FD8327A19B14} = {827E0CD3-B72D-47B6-A68D-7590B98EB39B}
		{3662F775-C22C-42DE-ABD3-1E7D5B4F679D} = {827E0CD3-B72D-47B6-A68D-7590B98EB39B}
		{78D7C4DC-F66A-4E2E-86B0-1F101B81C4A1} = {827E0CD3-B72D-47B6-A68D-7590B98EB39B}
		{701E6041-B45B-4E14-9E42-08D2FB3ACD7E} = {0AB3BF05-4346-4AA6-1389-037BE0695223}
		{1F76E097-2662-47A2-9AE0-F2FF7D3AE7F6} = {827E0CD3-B72D-47B6-A68D-7590B98EB39B}
		{801B26BD-CB95-4A0E-B079-8900BD5C505B} = {0AB3BF05-4346-4AA6-1389-037BE0695223}
		{81922F23-BCAB-4CA3-A76F-F38910D1457B} = {827E0CD3-B72D-47B6-A68D-7590B98EB39B}
		{4EF5D2FF-2F14-42C3-9266-02FC8654213E} = {0AB3BF05-4346-4AA6-1389-037BE0695223}
		{E8056411-8640-4A9C-BB6F-A32479E88E75} = {827E0CD3-B72D-47B6-A68D-7590B98EB39B}
		{00C207F7-0E47-45B2-A188-4D4DBC833216} = {0AB3BF05-4346-4AA6-1389-037BE0695223}
		{7200231A-1EAE-4F19-8103-9C139CC71B6F} = {827E0CD3-B72D-47B6-A68D-7590B98EB39B}
		{DCD5A073-26F9-43C7-9637-ECE9E9209168} = {0AB3BF05-4346-4AA6-1389-037BE0695223}
		{6087E56D-FF59-47E1-8C70-8890A282F815} = {827E0CD3-B72D-47B6-A68D-7590B98EB39B}
		{65122985-787A-421C-B37E-1F96B9FFDF81} = {0AB3BF05-4346-4AA6-1389-037BE0695223}
		{C3AEF992-1313-4A85-AD40-0C1A64D44A1D} = {827E0CD3-B72D-47B6-A68D-7590B98EB39B}
		{7A57E1E7-2B1A-49BA-BA57-1D022A499A9D} = {0AB3BF05-4346-4AA6-1389-037BE0695223}
		{7DCD3A94-A74E-47C0-80DD-91C8211A7FD5} = {827E0CD3-B72D-47B6-A68D-7590B98EB39B}
		{7D95FB03-EE36-444A-BF13-52B78608B81E} = {0AB3BF05-4346-4AA6-1389-037BE0695223}
		{B499BEF8-E501-483F-9FF4-94BE44AD1139} = {5D20AA90-6969-D8BD-9DCD-8634F4692FDA}
		{5236CB5E-DD8F-4605-A2CD-46B4D8BB25A3} = {827E0CD3-B72D-47B6-A68D-7590B98EB39B}
		{797203E6-9DB2-40AC-8A39-DBD53E6E270E} = {0AB3BF05-4346-4AA6-1389-037BE0695223}
		{574E16E1-1697-464D-89A2-1C565917ED3D} = {5D20AA90-6969-D8BD-9DCD-8634F4692FDA}
		{C5F44D44-4DC5-4B32-B4E9-3010BC816FF2} = {827E0CD3-B72D-47B6-A68D-7590B98EB39B}
		{6A8E24C0-CAA0-4F94-974A-BBFAAC6A05BF} = {827E0CD3-B72D-47B6-A68D-7590B98EB39B}
		{E42D6E33-BB3C-4C86-98AB-C6F32E8A6133} = {5D20AA90-6969-D8BD-9DCD-8634F4692FDA}
	EndGlobalSection
EndGlobal
